
Microsoft Visual Studio Solution File, Format Version 12.00
# Visual Studio Version 17
VisualStudioVersion = 17.0.31903.59
MinimumVisualStudioVersion = 10.0.40219.1
Project("{FAE04EC0-301F-11D3-BF4B-00C04F79EFBC}") = "PersonalBudgeting", "PersonalBudgeting\PersonalBudgeting.csproj", "{901B1DEE-2A7E-468D-9637-38010A7FFDDA}"
EndProject
Project("{FAE04EC0-301F-11D3-BF4B-00C04F79EFBC}") = "Model", "Model\Model.csproj", "{F20CE6D2-54BC-4599-986A-7126EEE2131F}"
EndProject
Project("{FAE04EC0-301F-11D3-BF4B-00C04F79EFBC}") = "Controller", "Controller\Controller.csproj", "{B1A2FCDE-433A-4AB6-BA96-AA8AE0C74211}"
EndProject
Project("{FAE04EC0-301F-11D3-BF4B-00C04F79EFBC}") = "FastManualTest", "FastManualTest\FastManualTest.csproj", "{A53C70D6-16A5-4AC1-B1C2-8BC6E7D08FE6}"
EndProject
Project("{FAE04EC0-301F-11D3-BF4B-00C04F79EFBC}") = "View", "View\View.csproj", "{2129DBBA-E15E-4B28-8E55-EFADA4646027}"
EndProject
Global
	GlobalSection(SolutionConfigurationPlatforms) = preSolution
		Debug|Any CPU = Debug|Any CPU
		Debug|x64 = Debug|x64
		Debug|x86 = Debug|x86
		Release|Any CPU = Release|Any CPU
		Release|x64 = Release|x64
		Release|x86 = Release|x86
	EndGlobalSection
	GlobalSection(ProjectConfigurationPlatforms) = postSolution
		{901B1DEE-2A7E-468D-9637-38010A7FFDDA}.Debug|Any CPU.ActiveCfg = Debug|Any CPU
		{901B1DEE-2A7E-468D-9637-38010A7FFDDA}.Debug|Any CPU.Build.0 = Debug|Any CPU
		{901B1DEE-2A7E-468D-9637-38010A7FFDDA}.Debug|x64.ActiveCfg = Debug|Any CPU
		{901B1DEE-2A7E-468D-9637-38010A7FFDDA}.Debug|x64.Build.0 = Debug|Any CPU
		{901B1DEE-2A7E-468D-9637-38010A7FFDDA}.Debug|x86.ActiveCfg = Debug|Any CPU
		{901B1DEE-2A7E-468D-9637-38010A7FFDDA}.Debug|x86.Build.0 = Debug|Any CPU
		{901B1DEE-2A7E-468D-9637-38010A7FFDDA}.Release|Any CPU.ActiveCfg = Release|Any CPU
		{901B1DEE-2A7E-468D-9637-38010A7FFDDA}.Release|Any CPU.Build.0 = Release|Any CPU
		{901B1DEE-2A7E-468D-9637-38010A7FFDDA}.Release|x64.ActiveCfg = Release|Any CPU
		{901B1DEE-2A7E-468D-9637-38010A7FFDDA}.Release|x64.Build.0 = Release|Any CPU
		{901B1DEE-2A7E-468D-9637-38010A7FFDDA}.Release|x86.ActiveCfg = Release|Any CPU
		{901B1DEE-2A7E-468D-9637-38010A7FFDDA}.Release|x86.Build.0 = Release|Any CPU
		{F20CE6D2-54BC-4599-986A-7126EEE2131F}.Debug|Any CPU.ActiveCfg = Debug|Any CPU
		{F20CE6D2-54BC-4599-986A-7126EEE2131F}.Debug|Any CPU.Build.0 = Debug|Any CPU
		{F20CE6D2-54BC-4599-986A-7126EEE2131F}.Debug|x64.ActiveCfg = Debug|Any CPU
		{F20CE6D2-54BC-4599-986A-7126EEE2131F}.Debug|x64.Build.0 = Debug|Any CPU
		{F20CE6D2-54BC-4599-986A-7126EEE2131F}.Debug|x86.ActiveCfg = Debug|Any CPU
		{F20CE6D2-54BC-4599-986A-7126EEE2131F}.Debug|x86.Build.0 = Debug|Any CPU
		{F20CE6D2-54BC-4599-986A-7126EEE2131F}.Release|Any CPU.ActiveCfg = Release|Any CPU
		{F20CE6D2-54BC-4599-986A-7126EEE2131F}.Release|Any CPU.Build.0 = Release|Any CPU
		{F20CE6D2-54BC-4599-986A-7126EEE2131F}.Release|x64.ActiveCfg = Release|Any CPU
		{F20CE6D2-54BC-4599-986A-7126EEE2131F}.Release|x64.Build.0 = Release|Any CPU
		{F20CE6D2-54BC-4599-986A-7126EEE2131F}.Release|x86.ActiveCfg = Release|Any CPU
		{F20CE6D2-54BC-4599-986A-7126EEE2131F}.Release|x86.Build.0 = Release|Any CPU
		{B1A2FCDE-433A-4AB6-BA96-AA8AE0C74211}.Debug|Any CPU.ActiveCfg = Debug|Any CPU
		{B1A2FCDE-433A-4AB6-BA96-AA8AE0C74211}.Debug|Any CPU.Build.0 = Debug|Any CPU
		{B1A2FCDE-433A-4AB6-BA96-AA8AE0C74211}.Debug|x64.ActiveCfg = Debug|Any CPU
		{B1A2FCDE-433A-4AB6-BA96-AA8AE0C74211}.Debug|x64.Build.0 = Debug|Any CPU
		{B1A2FCDE-433A-4AB6-BA96-AA8AE0C74211}.Debug|x86.ActiveCfg = Debug|Any CPU
		{B1A2FCDE-433A-4AB6-BA96-AA8AE0C74211}.Debug|x86.Build.0 = Debug|Any CPU
		{B1A2FCDE-433A-4AB6-BA96-AA8AE0C74211}.Release|Any CPU.ActiveCfg = Release|Any CPU
		{B1A2FCDE-433A-4AB6-BA96-AA8AE0C74211}.Release|Any CPU.Build.0 = Release|Any CPU
		{B1A2FCDE-433A-4AB6-BA96-AA8AE0C74211}.Release|x64.ActiveCfg = Release|Any CPU
		{B1A2FCDE-433A-4AB6-BA96-AA8AE0C74211}.Release|x64.Build.0 = Release|Any CPU
		{B1A2FCDE-433A-4AB6-BA96-AA8AE0C74211}.Release|x86.ActiveCfg = Release|Any CPU
		{B1A2FCDE-433A-4AB6-BA96-AA8AE0C74211}.Release|x86.Build.0 = Release|Any CPU
		{A53C70D6-16A5-4AC1-B1C2-8BC6E7D08FE6}.Debug|Any CPU.ActiveCfg = Debug|Any CPU
		{A53C70D6-16A5-4AC1-B1C2-8BC6E7D08FE6}.Debug|Any CPU.Build.0 = Debug|Any CPU
		{A53C70D6-16A5-4AC1-B1C2-8BC6E7D08FE6}.Debug|x64.ActiveCfg = Debug|Any CPU
		{A53C70D6-16A5-4AC1-B1C2-8BC6E7D08FE6}.Debug|x64.Build.0 = Debug|Any CPU
		{A53C70D6-16A5-4AC1-B1C2-8BC6E7D08FE6}.Debug|x86.ActiveCfg = Debug|Any CPU
		{A53C70D6-16A5-4AC1-B1C2-8BC6E7D08FE6}.Debug|x86.Build.0 = Debug|Any CPU
		{A53C70D6-16A5-4AC1-B1C2-8BC6E7D08FE6}.Release|Any CPU.ActiveCfg = Release|Any CPU
		{A53C70D6-16A5-4AC1-B1C2-8BC6E7D08FE6}.Release|Any CPU.Build.0 = Release|Any CPU
		{A53C70D6-16A5-4AC1-B1C2-8BC6E7D08FE6}.Release|x64.ActiveCfg = Release|Any CPU
		{A53C70D6-16A5-4AC1-B1C2-8BC6E7D08FE6}.Release|x64.Build.0 = Release|Any CPU
		{A53C70D6-16A5-4AC1-B1C2-8BC6E7D08FE6}.Release|x86.ActiveCfg = Release|Any CPU
		{A53C70D6-16A5-4AC1-B1C2-8BC6E7D08FE6}.Release|x86.Build.0 = Release|Any CPU
		{2129DBBA-E15E-4B28-8E55-EFADA4646027}.Debug|Any CPU.ActiveCfg = Debug|Any CPU
		{2129DBBA-E15E-4B28-8E55-EFADA4646027}.Debug|Any CPU.Build.0 = Debug|Any CPU
		{2129DBBA-E15E-4B28-8E55-EFADA4646027}.Debug|x64.ActiveCfg = Debug|Any CPU
		{2129DBBA-E15E-4B28-8E55-EFADA4646027}.Debug|x64.Build.0 = Debug|Any CPU
		{2129DBBA-E15E-4B28-8E55-EFADA4646027}.Debug|x86.ActiveCfg = Debug|Any CPU
		{2129DBBA-E15E-4B28-8E55-EFADA4646027}.Debug|x86.Build.0 = Debug|Any CPU
		{2129DBBA-E15E-4B28-8E55-EFADA4646027}.Release|Any CPU.ActiveCfg = Release|Any CPU
		{2129DBBA-E15E-4B28-8E55-EFADA4646027}.Release|Any CPU.Build.0 = Release|Any CPU
		{2129DBBA-E15E-4B28-8E55-EFADA4646027}.Release|x64.ActiveCfg = Release|Any CPU
		{2129DBBA-E15E-4B28-8E55-EFADA4646027}.Release|x64.Build.0 = Release|Any CPU
		{2129DBBA-E15E-4B28-8E55-EFADA4646027}.Release|x86.ActiveCfg = Release|Any CPU
		{2129DBBA-E15E-4B28-8E55-EFADA4646027}.Release|x86.Build.0 = Release|Any CPU
	EndGlobalSection
	GlobalSection(SolutionProperties) = preSolution
		HideSolutionNode = FALSE
	EndGlobalSection
	GlobalSection(NestedProjects) = preSolution
	EndGlobalSection
EndGlobal
